
Microsoft Visual Studio Solution File, Format Version 12.00
# Visual Studio Version 16
VisualStudioVersion = 16.0.31515.178
MinimumVisualStudioVersion = 10.0.40219.1
Project("{FAE04EC0-301F-11D3-BF4B-00C04F79EFBC}") = "EnhancingPerformanceinSport", "EnhancingPerformanceinSport.csproj", "{FD85CFD9-0CA3-4EE0-BABD-AC08823005D4}"
EndProject
Global
	GlobalSection(SolutionConfigurationPlatforms) = preSolution
		Debug|Any CPU = Debug|Any CPU
		Release|Any CPU = Release|Any CPU
	EndGlobalSection
	GlobalSection(ProjectConfigurationPlatforms) = postSolution
		{FD85CFD9-0CA3-4EE0-BABD-AC08823005D4}.Debug|Any CPU.ActiveCfg = Debug|Any CPU
		{FD85CFD9-0CA3-4EE0-BABD-AC08823005D4}.Debug|Any CPU.Build.0 = Debug|Any CPU
		{FD85CFD9-0CA3-4EE0-BABD-AC08823005D4}.Release|Any CPU.ActiveCfg = Release|Any CPU
		{FD85CFD9-0CA3-4EE0-BABD-AC08823005D4}.Release|Any CPU.Build.0 = Release|Any CPU
	EndGlobalSection
	GlobalSection(SolutionProperties) = preSolution
		HideSolutionNode = FALSE
	EndGlobalSection
	GlobalSection(ExtensibilityGlobals) = postSolution
		SolutionGuid = {F7F248F9-C259-40FC-88B4-F8E623550CFF}
	EndGlobalSection
EndGlobal
